version = 1
revision = 3
requires-python = ">=3.14"

[[package]]
name = "birdbrain"
version = "0.1.0"
source = { virtual = "." }
dependencies = [
    { name = "neat-python" },
    { name = "pygame" },
]

[package.metadata]
requires-dist = [
    { name = "neat-python", specifier = ">=2.0.0" },
    { name = "pygame", specifier = ">=2.6.1" },
]

[[package]]
name = "neat-python"
version = "2.0.0"
source = { registry = "https://pypi.org/simple" }
sdist = { url = "https://files.pythonhosted.org/packages/78/2d/6d3d96cde074bcbdc3fae08383bb6a9b2da2f98c405d16acceccc36c14c3/neat_python-2.0.0.tar.gz", hash = "sha256:fcfb5020aa3df5c12638865296589159939db08e9aa4191d9cf4e5b242a5d9cf", size = 126031, upload-time = "2026-03-02T17:13:16.587Z" }
wheels = [
    { url = "https://files.pythonhosted.org/packages/b2/a6/e85e39f593e3bd8ccc2dc57abf60c9a51fbc542616531629d988c05de484/neat_python-2.0.0-py3-none-any.whl", hash = "sha256:4ba18bec7b1d1dfa659348e28156f36007ebc111d46eb4ddc07a128377b459f7", size = 54056, upload-time = "2026-03-02T17:13:15.233Z" },
]

[[package]]
name = "pygame"
version = "2.6.1"
source = { registry = "https://pypi.org/simple" }
sdist = { url = "https://files.pythonhosted.org/packages/49/cc/08bba60f00541f62aaa252ce0cfbd60aebd04616c0b9574f755b583e45ae/pygame-2.6.1.tar.gz", hash = "sha256:56fb02ead529cee00d415c3e007f75e0780c655909aaa8e8bf616ee09c9feb1f", size = 14808125, upload-time = "2024-09-29T13:41:34.698Z" }
